
Microsoft Visual Studio Solution File, Format Version 12.00
# Visual Studio 2013
VisualStudioVersion = 12.0.30501.0
MinimumVisualStudioVersion = 10.0.40219.1
Project("{FAE04EC0-301F-11D3-BF4B-00C04F79EFBC}") = "Any.Proxy", "Any.Proxy\Any.Proxy.csproj", "{0625DA7C-0E7E-4435-A1EE-6F1477ECD113}"
EndProject
Project("{FAE04EC0-301F-11D3-BF4B-00C04F79EFBC}") = "Any.HttpProxy", "Any.HttpProxy\Any.HttpProxy.csproj", "{43BCBC9C-B4E2-484B-8449-012CF1EA501B}"
EndProject
Project("{FAE04EC0-301F-11D3-BF4B-00C04F79EFBC}") = "Any.HttpsProxy", "Any.HttpsProxy\Any.HttpsProxy.csproj", "{0B4B1E60-5FF4-4518-9947-372650A54D57}"
EndProject
Project("{FAE04EC0-301F-11D3-BF4B-00C04F79EFBC}") = "Any.ProxyClient", "Any.ProxyClient\Any.ProxyClient.csproj", "{4E095FC2-1DE4-4E73-A11B-0EC811283DB7}"
EndProject
Project("{FAE04EC0-301F-11D3-BF4B-00C04F79EFBC}") = "Any.ProxyServer", "Any.ProxyServer\Any.ProxyServer.csproj", "{2A270A72-1DDB-4E92-8997-3635CBEF8E78}"
EndProject
Global
	GlobalSection(SolutionConfigurationPlatforms) = preSolution
		Debug|Any CPU = Debug|Any CPU
		Release|Any CPU = Release|Any CPU
	EndGlobalSection
	GlobalSection(ProjectConfigurationPlatforms) = postSolution
		{0625DA7C-0E7E-4435-A1EE-6F1477ECD113}.Debug|Any CPU.ActiveCfg = Debug|Any CPU
		{0625DA7C-0E7E-4435-A1EE-6F1477ECD113}.Debug|Any CPU.Build.0 = Debug|Any CPU
		{0625DA7C-0E7E-4435-A1EE-6F1477ECD113}.Release|Any CPU.ActiveCfg = Release|Any CPU
		{0625DA7C-0E7E-4435-A1EE-6F1477ECD113}.Release|Any CPU.Build.0 = Release|Any CPU
		{43BCBC9C-B4E2-484B-8449-012CF1EA501B}.Debug|Any CPU.ActiveCfg = Debug|Any CPU
		{43BCBC9C-B4E2-484B-8449-012CF1EA501B}.Debug|Any CPU.Build.0 = Debug|Any CPU
		{43BCBC9C-B4E2-484B-8449-012CF1EA501B}.Release|Any CPU.ActiveCfg = Release|Any CPU
		{43BCBC9C-B4E2-484B-8449-012CF1EA501B}.Release|Any CPU.Build.0 = Release|Any CPU
		{0B4B1E60-5FF4-4518-9947-372650A54D57}.Debug|Any CPU.ActiveCfg = Debug|Any CPU
		{0B4B1E60-5FF4-4518-9947-372650A54D57}.Debug|Any CPU.Build.0 = Debug|Any CPU
		{0B4B1E60-5FF4-4518-9947-372650A54D57}.Release|Any CPU.ActiveCfg = Release|Any CPU
		{0B4B1E60-5FF4-4518-9947-372650A54D57}.Release|Any CPU.Build.0 = Release|Any CPU
		{4E095FC2-1DE4-4E73-A11B-0EC811283DB7}.Debug|Any CPU.ActiveCfg = Debug|Any CPU
		{4E095FC2-1DE4-4E73-A11B-0EC811283DB7}.Debug|Any CPU.Build.0 = Debug|Any CPU
		{4E095FC2-1DE4-4E73-A11B-0EC811283DB7}.Release|Any CPU.ActiveCfg = Release|Any CPU
		{4E095FC2-1DE4-4E73-A11B-0EC811283DB7}.Release|Any CPU.Build.0 = Release|Any CPU
		{2A270A72-1DDB-4E92-8997-3635CBEF8E78}.Debug|Any CPU.ActiveCfg = Debug|Any CPU
		{2A270A72-1DDB-4E92-8997-3635CBEF8E78}.Debug|Any CPU.Build.0 = Debug|Any CPU
		{2A270A72-1DDB-4E92-8997-3635CBEF8E78}.Release|Any CPU.ActiveCfg = Release|Any CPU
		{2A270A72-1DDB-4E92-8997-3635CBEF8E78}.Release|Any CPU.Build.0 = Release|Any CPU
	EndGlobalSection
	GlobalSection(SolutionProperties) = preSolution
		HideSolutionNode = FALSE
	EndGlobalSection
EndGlobal
